Microsoft Visual Studio Solution File, Format Version 12.00
# Visual Studio Version 17
VisualStudioVersion = 17.5.2.0
MinimumVisualStudioVersion = 10.0.40219.1
Project("{FAE04EC0-301F-11D3-BF4B-00C04F79EFBC}") = "NotepadCloneApp", "NotepadCloneApp.csproj", "{043C55BB-86D4-FB34-29A1-314FC3A125C0}"
EndProject
Global
	GlobalSection(SolutionConfigurationPlatforms) = preSolution
		Debug|Any CPU = Debug|Any CPU
		Release|Any CPU = Release|Any CPU
	EndGlobalSection
	GlobalSection(ProjectConfigurationPlatforms) = postSolution
		{043C55BB-86D4-FB34-29A1-314FC3A125C0}.Debug|Any CPU.ActiveCfg = Debug|Any CPU
		{043C55BB-86D4-FB34-29A1-314FC3A125C0}.Debug|Any CPU.Build.0 = Debug|Any CPU
		{043C55BB-86D4-FB34-29A1-314FC3A125C0}.Release|Any CPU.ActiveCfg = Release|Any CPU
		{043C55BB-86D4-FB34-29A1-314FC3A125C0}.Release|Any CPU.Build.0 = Release|Any CPU
	EndGlobalSection
	GlobalSection(SolutionProperties) = preSolution
		HideSolutionNode = FALSE
	EndGlobalSection
	GlobalSection(ExtensibilityGlobals) = postSolution
		SolutionGuid = {21AD0399-5213-4370-870E-05213323A5E2}
	EndGlobalSection
EndGlobal
