Microsoft Visual Studio Solution File, Format Version 12.00
# Visual Studio Version 17
VisualStudioVersion = 17.5.2.0
MinimumVisualStudioVersion = 10.0.40219.1
Project("{FAE04EC0-301F-11D3-BF4B-00C04F79EFBC}") = "HelloGuiApp", "HelloGuiApp\HelloGuiApp.csproj", "{20ECCDFE-5B22-B98C-02FA-131569B46E04}"
EndProject
Global
	GlobalSection(SolutionConfigurationPlatforms) = preSolution
		Debug|Any CPU = Debug|Any CPU
		Release|Any CPU = Release|Any CPU
	EndGlobalSection
	GlobalSection(ProjectConfigurationPlatforms) = postSolution
		{20ECCDFE-5B22-B98C-02FA-131569B46E04}.Debug|Any CPU.ActiveCfg = Debug|Any CPU
		{20ECCDFE-5B22-B98C-02FA-131569B46E04}.Debug|Any CPU.Build.0 = Debug|Any CPU
		{20ECCDFE-5B22-B98C-02FA-131569B46E04}.Release|Any CPU.ActiveCfg = Release|Any CPU
		{20ECCDFE-5B22-B98C-02FA-131569B46E04}.Release|Any CPU.Build.0 = Release|Any CPU
	EndGlobalSection
	GlobalSection(SolutionProperties) = preSolution
		HideSolutionNode = FALSE
	EndGlobalSection
	GlobalSection(ExtensibilityGlobals) = postSolution
		SolutionGuid = {1C42DA09-1DD8-4501-AB84-68A67E4122FD}
	EndGlobalSection
EndGlobal
